Microsoft Visual Studio Solution File, Format Version 12.00
# Visual Studio Version 17
VisualStudioVersion = 17.5.2.0
MinimumVisualStudioVersion = 10.0.40219.1
Project("{FAE04EC0-301F-11D3-BF4B-00C04F79EFBC}") = "bouncing-balls", "bouncing-balls.csproj", "{98C17696-A3F2-A7FC-F0E4-DAC31A371916}"
EndProject
Global
	GlobalSection(SolutionConfigurationPlatforms) = preSolution
		Debug|Any CPU = Debug|Any CPU
		Release|Any CPU = Release|Any CPU
	EndGlobalSection
	GlobalSection(ProjectConfigurationPlatforms) = postSolution
		{98C17696-A3F2-A7FC-F0E4-DAC31A371916}.Debug|Any CPU.ActiveCfg = Debug|Any CPU
		{98C17696-A3F2-A7FC-F0E4-DAC31A371916}.Debug|Any CPU.Build.0 = Debug|Any CPU
		{98C17696-A3F2-A7FC-F0E4-DAC31A371916}.Release|Any CPU.ActiveCfg = Release|Any CPU
		{98C17696-A3F2-A7FC-F0E4-DAC31A371916}.Release|Any CPU.Build.0 = Release|Any CPU
	EndGlobalSection
	GlobalSection(SolutionProperties) = preSolution
		HideSolutionNode = FALSE
	EndGlobalSection
	GlobalSection(ExtensibilityGlobals) = postSolution
		SolutionGuid = {D16A359C-99EA-4E23-97F6-DCF04A904E6D}
	EndGlobalSection
EndGlobal
